// !$*UTF8*$!
{
	archiveVersion = 1;
	classes = {
	};
	objectVersion = 56;
	objects = {

/* Begin PBXBuildFile section */
		7B1EB9452CA357EE005A83D0 /* UserDetailsViewController.swift in Sources */ = {isa = PBXBuildFile; fileRef = 7B1EB9442CA357EE005A83D0 /* UserDetailsViewController.swift */; };
		7B1EB9482CA35D77005A83D0 /* SearchCell.xib in Resources */ = {isa = PBXBuildFile; fileRef = 7B1EB9472CA35D77005A83D0 /* SearchCell.xib */; };
		7B1EB94A2CA35D95005A83D0 /* SearchCell.swift in Sources */ = {isa = PBXBuildFile; fileRef = 7B1EB9492CA35D95005A83D0 /* SearchCell.swift */; };
		7B272DA52C865EF2002DDD32 /* AppDelegate.swift in Sources */ = {isa = PBXBuildFile; fileRef = 7B272DA42C865EF2002DDD32 /* AppDelegate.swift */; };
		7B272DA72C865EF2002DDD32 /* SceneDelegate.swift in Sources */ = {isa = PBXBuildFile; fileRef = 7B272DA62C865EF2002DDD32 /* SceneDelegate.swift */; };
		7B272DA92C865EF2002DDD32 /* ViewController.swift in Sources */ = {isa = PBXBuildFile; fileRef = 7B272DA82C865EF2002DDD32 /* ViewController.swift */; };
		7B272DAC2C865EF2002DDD32 /* Base in Resources */ = {isa = PBXBuildFile; fileRef = 7B272DAB2C865EF2002DDD32 /* Base */; };
		7B272DAE2C865EF3002DDD32 /* Assets.xcassets in Resources */ = {isa = PBXBuildFile; fileRef = 7B272DAD2C865EF3002DDD32 /* Assets.xcassets */; };
		7B272DB12C865EF3002DDD32 /* Base in Resources */ = {isa = PBXBuildFile; fileRef = 7B272DB02C865EF3002DDD32 /* Base */; };
		7B272DBC2C865EF3002DDD32 /* HavaBiteTests.swift in Sources */ = {isa = PBXBuildFile; fileRef = 7B272DBB2C865EF3002DDD32 /* HavaBiteTests.swift */; };
		7B272DC62C865EF3002DDD32 /* HavaBiteUITests.swift in Sources */ = {isa = PBXBuildFile; fileRef = 7B272DC52C865EF3002DDD32 /* HavaBiteUITests.swift */; };
		7B272DC82C865EF3002DDD32 /* HavaBiteUITestsLaunchTests.swift in Sources */ = {isa = PBXBuildFile; fileRef = 7B272DC72C865EF3002DDD32 /* HavaBiteUITestsLaunchTests.swift */; };
		7B655AFC2CCC4C220056A13C /* PlaceAnnotation.swift in Sources */ = {isa = PBXBuildFile; fileRef = 7B655AFB2CCC4C220056A13C /* PlaceAnnotation.swift */; };
		7B655AFF2CCC4C730056A13C /* CLLocationExtension.swift in Sources */ = {isa = PBXBuildFile; fileRef = 7B655AFE2CCC4C730056A13C /* CLLocationExtension.swift */; };
		7B655B012CCC4D140056A13C /* PlacesTableViewController.swift in Sources */ = {isa = PBXBuildFile; fileRef = 7B655B002CCC4D140056A13C /* PlacesTableViewController.swift */; };
		7B655B072CCC4FF10056A13C /* PlaceAnnotationView.swift in Sources */ = {isa = PBXBuildFile; fileRef = 7B655B062CCC4FF10056A13C /* PlaceAnnotationView.swift */; };
		7B655B092CCC5D280056A13C /* RestaurantTableCell.xib in Resources */ = {isa = PBXBuildFile; fileRef = 7B655B082CCC5D280056A13C /* RestaurantTableCell.xib */; };
		7B655B0B2CCC61AA0056A13C /* RestaurantTableCell.swift in Sources */ = {isa = PBXBuildFile; fileRef = 7B655B0A2CCC61AA0056A13C /* RestaurantTableCell.swift */; };
		7B655B0D2CD1A75B0056A13C /* Place.swift in Sources */ = {isa = PBXBuildFile; fileRef = 7B655B0C2CD1A75B0056A13C /* Place.swift */; };
		7B655B0F2CD2E5A90056A13C /* PlaceDetailsViewController.swift in Sources */ = {isa = PBXBuildFile; fileRef = 7B655B0E2CD2E5A90056A13C /* PlaceDetailsViewController.swift */; };
		7B655B112CD2F0DA0056A13C /* ReviewViewController.swift in Sources */ = {isa = PBXBuildFile; fileRef = 7B655B102CD2F0DA0056A13C /* ReviewViewController.swift */; };
		7B655B132CE411A30056A13C /* Review.swift in Sources */ = {isa = PBXBuildFile; fileRef = 7B655B122CE411A30056A13C /* Review.swift */; };
		7B6AB0D72C925EE80023FE72 /* WelcomeViewController.swift in Sources */ = {isa = PBXBuildFile; fileRef = 7B6AB0D62C925EE80023FE72 /* WelcomeViewController.swift */; };
		7B7D48082CAE0BF90098D2BD /* UserSession.swift in Sources */ = {isa = PBXBuildFile; fileRef = 7B7D48072CAE0BF90098D2BD /* UserSession.swift */; };
		7B7D480A2CB1D39F0098D2BD /* FriendCell.xib in Resources */ = {isa = PBXBuildFile; fileRef = 7B7D48092CB1D39F0098D2BD /* FriendCell.xib */; };
		7B7D480C2CB1D3E20098D2BD /* FriendCell.swift in Sources */ = {isa = PBXBuildFile; fileRef = 7B7D480B2CB1D3E20098D2BD /* FriendCell.swift */; };
		7B7D480E2CB35DED0098D2BD /* FriendsViewController.swift in Sources */ = {isa = PBXBuildFile; fileRef = 7B7D480D2CB35DED0098D2BD /* FriendsViewController.swift */; };
		7BC58CB02C95E4C100BA4B69 /* GoogleService-Info.plist in Resources */ = {isa = PBXBuildFile; fileRef = 7BC58CAF2C95E4C100BA4B69 /* GoogleService-Info.plist */; };
		7BC58CB32C95E85100BA4B69 /* FirebaseAnalytics in Frameworks */ = {isa = PBXBuildFile; productRef = 7BC58CB22C95E85100BA4B69 /* FirebaseAnalytics */; };
		7BC58CB52C95E85100BA4B69 /* FirebaseAppDistribution-Beta in Frameworks */ = {isa = PBXBuildFile; productRef = 7BC58CB42C95E85100BA4B69 /* FirebaseAppDistribution-Beta */; };
		7BC58CB72C95E85100BA4B69 /* FirebaseAuth in Frameworks */ = {isa = PBXBuildFile; productRef = 7BC58CB62C95E85100BA4B69 /* FirebaseAuth */; };
		7BC58CB92C95E85100BA4B69 /* FirebaseDatabase in Frameworks */ = {isa = PBXBuildFile; productRef = 7BC58CB82C95E85100BA4B69 /* FirebaseDatabase */; };
		7BC58CBB2C95E85100BA4B69 /* FirebaseFirestore in Frameworks */ = {isa = PBXBuildFile; productRef = 7BC58CBA2C95E85100BA4B69 /* FirebaseFirestore */; };
		7BC58CBD2C95FF9600BA4B69 /* RegisterViewController.swift in Sources */ = {isa = PBXBuildFile; fileRef = 7BC58CBC2C95FF9600BA4B69 /* RegisterViewController.swift */; };
		7BC58CBF2C9602B900BA4B69 /* User.swift in Sources */ = {isa = PBXBuildFile; fileRef = 7BC58CBE2C9602B900BA4B69 /* User.swift */; };
		7BC58CC22C98E82000BA4B69 /* SideMenuCell.xib in Resources */ = {isa = PBXBuildFile; fileRef = 7BC58CC12C98E82000BA4B69 /* SideMenuCell.xib */; };
		7BC58CC42C98E85F00BA4B69 /* SideMenuCell.swift in Sources */ = {isa = PBXBuildFile; fileRef = 7BC58CC32C98E85F00BA4B69 /* SideMenuCell.swift */; };
		7BC58CC62C98E8F000BA4B69 /* SideMenuViewController.swift in Sources */ = {isa = PBXBuildFile; fileRef = 7BC58CC52C98E8F000BA4B69 /* SideMenuViewController.swift */; };
		7BC58CC82C9A31F900BA4B69 /* SideMenuModel.swift in Sources */ = {isa = PBXBuildFile; fileRef = 7BC58CC72C9A31F900BA4B69 /* SideMenuModel.swift */; };
		7BC58CCA2C9A344500BA4B69 /* MainViewController.swift in Sources */ = {isa = PBXBuildFile; fileRef = 7BC58CC92C9A344500BA4B69 /* MainViewController.swift */; };
		7BC58CCC2C9B897700BA4B69 /* SearchViewController.swift in Sources */ = {isa = PBXBuildFile; fileRef = 7BC58CCB2C9B897700BA4B69 /* SearchViewController.swift */; };
		7BC58CCE2C9B8B1A00BA4B69 /* MapViewController.swift in Sources */ = {isa = PBXBuildFile; fileRef = 7BC58CCD2C9B8B1A00BA4B69 /* MapViewController.swift */; };
/* End PBXBuildFile section */

/* Begin PBXContainerItemProxy section */
		7B272DB82C865EF3002DDD32 /* PBXContainerItemProxy */ = {
			isa = PBXContainerItemProxy;
			containerPortal = 7B272D992C865EF2002DDD32 /* Project object */;
			proxyType = 1;
			remoteGlobalIDString = 7B272DA02C865EF2002DDD32;
			remoteInfo = HavaBite;
		};
		7B272DC22C865EF3002DDD32 /* PBXContainerItemProxy */ = {
			isa = PBXContainerItemProxy;
			containerPortal = 7B272D992C865EF2002DDD32 /* Project object */;
			proxyType = 1;
			remoteGlobalIDString = 7B272DA02C865EF2002DDD32;
			remoteInfo = HavaBite;
		};
/* End PBXContainerItemProxy section */

/* Begin PBXFileReference section */
		7B1EB9442CA357EE005A83D0 /* UserDetailsViewController.swift */ = {isa = PBXFileReference; lastKnownFileType = sourcecode.swift; path = UserDetailsViewController.swift; sourceTree = "<group>"; };
		7B1EB9472CA35D77005A83D0 /* SearchCell.xib */ = {isa = PBXFileReference; lastKnownFileType = file.xib; path = SearchCell.xib; sourceTree = "<group>"; };
		7B1EB9492CA35D95005A83D0 /* SearchCell.swift */ = {isa = PBXFileReference; lastKnownFileType = sourcecode.swift; path = SearchCell.swift; sourceTree = "<group>"; };
		7B272DA12C865EF2002DDD32 /* HavaBite.app */ = {isa = PBXFileReference; explicitFileType = wrapper.application; includeInIndex = 0; path = HavaBite.app; sourceTree = BUILT_PRODUCTS_DIR; };
		7B272DA42C865EF2002DDD32 /* AppDelegate.swift */ = {isa = PBXFileReference; lastKnownFileType = sourcecode.swift; path = AppDelegate.swift; sourceTree = "<group>"; };
		7B272DA62C865EF2002DDD32 /* SceneDelegate.swift */ = {isa = PBXFileReference; lastKnownFileType = sourcecode.swift; path = SceneDelegate.swift; sourceTree = "<group>"; };
		7B272DA82C865EF2002DDD32 /* ViewController.swift */ = {isa = PBXFileReference; lastKnownFileType = sourcecode.swift; path = ViewController.swift; sourceTree = "<group>"; };
		7B272DAB2C865EF2002DDD32 /* Base */ = {isa = PBXFileReference; lastKnownFileType = file.storyboard; name = Base; path = Base.lproj/Main.storyboard; sourceTree = "<group>"; };
		7B272DAD2C865EF3002DDD32 /* Assets.xcassets */ = {isa = PBXFileReference; lastKnownFileType = folder.assetcatalog; path = Assets.xcassets; sourceTree = "<group>"; };
		7B272DB02C865EF3002DDD32 /* Base */ = {isa = PBXFileReference; lastKnownFileType = file.storyboard; name = Base; path = Base.lproj/LaunchScreen.storyboard; sourceTree = "<group>"; };
		7B272DB22C865EF3002DDD32 /* Info.plist */ = {isa = PBXFileReference; lastKnownFileType = text.plist.xml; path = Info.plist; sourceTree = "<group>"; };
		7B272DB72C865EF3002DDD32 /* HavaBiteTests.xctest */ = {isa = PBXFileReference; explicitFileType = wrapper.cfbundle; includeInIndex = 0; path = HavaBiteTests.xctest; sourceTree = BUILT_PRODUCTS_DIR; };
		7B272DBB2C865EF3002DDD32 /* HavaBiteTests.swift */ = {isa = PBXFileReference; lastKnownFileType = sourcecode.swift; path = HavaBiteTests.swift; sourceTree = "<group>"; };
		7B272DC12C865EF3002DDD32 /* HavaBiteUITests.xctest */ = {isa = PBXFileReference; explicitFileType = wrapper.cfbundle; includeInIndex = 0; path = HavaBiteUITests.xctest; sourceTree = BUILT_PRODUCTS_DIR; };
		7B272DC52C865EF3002DDD32 /* HavaBiteUITests.swift */ = {isa = PBXFileReference; lastKnownFileType = sourcecode.swift; path = HavaBiteUITests.swift; sourceTree = "<group>"; };
		7B272DC72C865EF3002DDD32 /* HavaBiteUITestsLaunchTests.swift */ = {isa = PBXFileReference; lastKnownFileType = sourcecode.swift; path = HavaBiteUITestsLaunchTests.swift; sourceTree = "<group>"; };
		7B655AFB2CCC4C220056A13C /* PlaceAnnotation.swift */ = {isa = PBXFileReference; lastKnownFileType = sourcecode.swift; path = PlaceAnnotation.swift; sourceTree = "<group>"; };
		7B655AFE2CCC4C730056A13C /* CLLocationExtension.swift */ = {isa = PBXFileReference; lastKnownFileType = sourcecode.swift; path = CLLocationExtension.swift; sourceTree = "<group>"; };
		7B655B002CCC4D140056A13C /* PlacesTableViewController.swift */ = {isa = PBXFileReference; lastKnownFileType = sourcecode.swift; path = PlacesTableViewController.swift; sourceTree = "<group>"; };
		7B655B062CCC4FF10056A13C /* PlaceAnnotationView.swift */ = {isa = PBXFileReference; lastKnownFileType = sourcecode.swift; path = PlaceAnnotationView.swift; sourceTree = "<group>"; };
		7B655B082CCC5D280056A13C /* RestaurantTableCell.xib */ = {isa = PBXFileReference; lastKnownFileType = file.xib; path = RestaurantTableCell.xib; sourceTree = "<group>"; };
		7B655B0A2CCC61AA0056A13C /* RestaurantTableCell.swift */ = {isa = PBXFileReference; lastKnownFileType = sourcecode.swift; path = RestaurantTableCell.swift; sourceTree = "<group>"; };
		7B655B0C2CD1A75B0056A13C /* Place.swift */ = {isa = PBXFileReference; lastKnownFileType = sourcecode.swift; path = Place.swift; sourceTree = "<group>"; };
		7B655B0E2CD2E5A90056A13C /* PlaceDetailsViewController.swift */ = {isa = PBXFileReference; lastKnownFileType = sourcecode.swift; path = PlaceDetailsViewController.swift; sourceTree = "<group>"; };
		7B655B102CD2F0DA0056A13C /* ReviewViewController.swift */ = {isa = PBXFileReference; lastKnownFileType = sourcecode.swift; path = ReviewViewController.swift; sourceTree = "<group>"; };
		7B655B122CE411A30056A13C /* Review.swift */ = {isa = PBXFileReference; lastKnownFileType = sourcecode.swift; path = Review.swift; sourceTree = "<group>"; };
		7B6AB0D62C925EE80023FE72 /* WelcomeViewController.swift */ = {isa = PBXFileReference; lastKnownFileType = sourcecode.swift; path = WelcomeViewController.swift; sourceTree = "<group>"; };
		7B7D48072CAE0BF90098D2BD /* UserSession.swift */ = {isa = PBXFileReference; lastKnownFileType = sourcecode.swift; path = UserSession.swift; sourceTree = "<group>"; };
		7B7D48092CB1D39F0098D2BD /* FriendCell.xib */ = {isa = PBXFileReference; lastKnownFileType = file.xib; path = FriendCell.xib; sourceTree = "<group>"; };
		7B7D480B2CB1D3E20098D2BD /* FriendCell.swift */ = {isa = PBXFileReference; lastKnownFileType = sourcecode.swift; path = FriendCell.swift; sourceTree = "<group>"; };
		7B7D480D2CB35DED0098D2BD /* FriendsViewController.swift */ = {isa = PBXFileReference; lastKnownFileType = sourcecode.swift; path = FriendsViewController.swift; sourceTree = "<group>"; };
		7BC58CAF2C95E4C100BA4B69 /* GoogleService-Info.plist */ = {isa = PBXFileReference; fileEncoding = 4; lastKnownFileType = text.plist.xml; path = "GoogleService-Info.plist"; sourceTree = "<group>"; };
		7BC58CBC2C95FF9600BA4B69 /* RegisterViewController.swift */ = {isa = PBXFileReference; lastKnownFileType = sourcecode.swift; path = RegisterViewController.swift; sourceTree = "<group>"; };
		7BC58CBE2C9602B900BA4B69 /* User.swift */ = {isa = PBXFileReference; lastKnownFileType = sourcecode.swift; path = User.swift; sourceTree = "<group>"; };
		7BC58CC12C98E82000BA4B69 /* SideMenuCell.xib */ = {isa = PBXFileReference; lastKnownFileType = file.xib; path = SideMenuCell.xib; sourceTree = "<group>"; };
		7BC58CC32C98E85F00BA4B69 /* SideMenuCell.swift */ = {isa = PBXFileReference; lastKnownFileType = sourcecode.swift; path = SideMenuCell.swift; sourceTree = "<group>"; };
		7BC58CC52C98E8F000BA4B69 /* SideMenuViewController.swift */ = {isa = PBXFileReference; lastKnownFileType = sourcecode.swift; path = SideMenuViewController.swift; sourceTree = "<group>"; };
		7BC58CC72C9A31F900BA4B69 /* SideMenuModel.swift */ = {isa = PBXFileReference; lastKnownFileType = sourcecode.swift; path = SideMenuModel.swift; sourceTree = "<group>"; };
		7BC58CC92C9A344500BA4B69 /* MainViewController.swift */ = {isa = PBXFileReference; lastKnownFileType = sourcecode.swift; path = MainViewController.swift; sourceTree = "<group>"; };
		7BC58CCB2C9B897700BA4B69 /* SearchViewController.swift */ = {isa = PBXFileReference; lastKnownFileType = sourcecode.swift; path = SearchViewController.swift; sourceTree = "<group>"; };
		7BC58CCD2C9B8B1A00BA4B69 /* MapViewController.swift */ = {isa = PBXFileReference; lastKnownFileType = sourcecode.swift; path = MapViewController.swift; sourceTree = "<group>"; };
/* End PBXFileReference section */

/* Begin PBXFrameworksBuildPhase section */
		7B272D9E2C865EF2002DDD32 /* Frameworks */ = {
			isa = PBXFrameworksBuildPhase;
			buildActionMask = 2147483647;
			files = (
				7BC58CB32C95E85100BA4B69 /* FirebaseAnalytics in Frameworks */,
				7BC58CB72C95E85100BA4B69 /* FirebaseAuth in Frameworks */,
				7BC58CB92C95E85100BA4B69 /* FirebaseDatabase in Frameworks */,
				7BC58CBB2C95E85100BA4B69 /* FirebaseFirestore in Frameworks */,
				7BC58CB52C95E85100BA4B69 /* FirebaseAppDistribution-Beta in Frameworks */,
			);
			runOnlyForDeploymentPostprocessing = 0;
		};
		7B272DB42C865EF3002DDD32 /* Frameworks */ = {
			isa = PBXFrameworksBuildPhase;
			buildActionMask = 2147483647;
			files = (
			);
			runOnlyForDeploymentPostprocessing = 0;
		};
		7B272DBE2C865EF3002DDD32 /* Frameworks */ = {
			isa = PBXFrameworksBuildPhase;
			buildActionMask = 2147483647;
			files = (
			);
			runOnlyForDeploymentPostprocessing = 0;
		};
/* End PBXFrameworksBuildPhase section */

/* Begin PBXGroup section */
		7B1EB9462CA35C7E005A83D0 /* Cells */ = {
			isa = PBXGroup;
			children = (
				7BC58CC12C98E82000BA4B69 /* SideMenuCell.xib */,
				7BC58CC32C98E85F00BA4B69 /* SideMenuCell.swift */,
				7B1EB9472CA35D77005A83D0 /* SearchCell.xib */,
				7B1EB9492CA35D95005A83D0 /* SearchCell.swift */,
				7B7D48092CB1D39F0098D2BD /* FriendCell.xib */,
				7B7D480B2CB1D3E20098D2BD /* FriendCell.swift */,
				7B655B082CCC5D280056A13C /* RestaurantTableCell.xib */,
				7B655B0A2CCC61AA0056A13C /* RestaurantTableCell.swift */,
			);
			path = Cells;
			sourceTree = "<group>";
		};
		7B272D982C865EF2002DDD32 = {
			isa = PBXGroup;
			children = (
				7B272DA32C865EF2002DDD32 /* HavaBite */,
				7B272DBA2C865EF3002DDD32 /* HavaBiteTests */,
				7B272DC42C865EF3002DDD32 /* HavaBiteUITests */,
				7B272DA22C865EF2002DDD32 /* Products */,
			);
			sourceTree = "<group>";
		};
		7B272DA22C865EF2002DDD32 /* Products */ = {
			isa = PBXGroup;
			children = (
				7B272DA12C865EF2002DDD32 /* HavaBite.app */,
				7B272DB72C865EF3002DDD32 /* HavaBiteTests.xctest */,
				7B272DC12C865EF3002DDD32 /* HavaBiteUITests.xctest */,
			);
			name = Products;
			sourceTree = "<group>";
		};
		7B272DA32C865EF2002DDD32 /* HavaBite */ = {
			isa = PBXGroup;
			children = (
				7B7D48072CAE0BF90098D2BD /* UserSession.swift */,
				7B6AB0D22C925B540023FE72 /* Model */,
				7B6AB0D42C925B6A0023FE72 /* View */,
				7B6AB0D52C925B700023FE72 /* Controller */,
				7B272DA42C865EF2002DDD32 /* AppDelegate.swift */,
				7B272DA62C865EF2002DDD32 /* SceneDelegate.swift */,
				7B272DA82C865EF2002DDD32 /* ViewController.swift */,
				7B272DAD2C865EF3002DDD32 /* Assets.xcassets */,
				7B272DAF2C865EF3002DDD32 /* LaunchScreen.storyboard */,
				7B272DB22C865EF3002DDD32 /* Info.plist */,
				7BC58CAF2C95E4C100BA4B69 /* GoogleService-Info.plist */,
				7BC58CC92C9A344500BA4B69 /* MainViewController.swift */,
			);
			path = HavaBite;
			sourceTree = "<group>";
		};
		7B272DBA2C865EF3002DDD32 /* HavaBiteTests */ = {
			isa = PBXGroup;
			children = (
				7B272DBB2C865EF3002DDD32 /* HavaBiteTests.swift */,
			);
			path = HavaBiteTests;
			sourceTree = "<group>";
		};
		7B272DC42C865EF3002DDD32 /* HavaBiteUITests */ = {
			isa = PBXGroup;
			children = (
				7B272DC52C865EF3002DDD32 /* HavaBiteUITests.swift */,
				7B272DC72C865EF3002DDD32 /* HavaBiteUITestsLaunchTests.swift */,
			);
			path = HavaBiteUITests;
			sourceTree = "<group>";
		};
		7B655AF92CCC4BF60056A13C /* Annotations */ = {
			isa = PBXGroup;
			children = (
				7B655AFB2CCC4C220056A13C /* PlaceAnnotation.swift */,
				7B655B062CCC4FF10056A13C /* PlaceAnnotationView.swift */,
			);
			path = Annotations;
			sourceTree = "<group>";
		};
		7B655AFD2CCC4C4E0056A13C /* Extensions */ = {
			isa = PBXGroup;
			children = (
				7B655AFE2CCC4C730056A13C /* CLLocationExtension.swift */,
			);
			path = Extensions;
			sourceTree = "<group>";
		};
		7B655B032CCC4D310056A13C /* Places */ = {
			isa = PBXGroup;
			children = (
				7B655B002CCC4D140056A13C /* PlacesTableViewController.swift */,
				7B655B0E2CD2E5A90056A13C /* PlaceDetailsViewController.swift */,
				7B655B102CD2F0DA0056A13C /* ReviewViewController.swift */,
			);
			path = Places;
			sourceTree = "<group>";
		};
		7B6AB0D22C925B540023FE72 /* Model */ = {
			isa = PBXGroup;
			children = (
				7B655AFD2CCC4C4E0056A13C /* Extensions */,
				7B655AF92CCC4BF60056A13C /* Annotations */,
				7BC58CBE2C9602B900BA4B69 /* User.swift */,
				7BC58CC72C9A31F900BA4B69 /* SideMenuModel.swift */,
				7B655B0C2CD1A75B0056A13C /* Place.swift */,
				7B655B122CE411A30056A13C /* Review.swift */,
			);
			path = Model;
			sourceTree = "<group>";
		};
		7B6AB0D42C925B6A0023FE72 /* View */ = {
			isa = PBXGroup;
			children = (
				7B272DAA2C865EF2002DDD32 /* Main.storyboard */,
			);
			path = View;
			sourceTree = "<group>";
		};
		7B6AB0D52C925B700023FE72 /* Controller */ = {
			isa = PBXGroup;
			children = (
				7BC58CC02C98E7FD00BA4B69 /* Side Menu */,
				7B6AB0D62C925EE80023FE72 /* WelcomeViewController.swift */,
				7BC58CBC2C95FF9600BA4B69 /* RegisterViewController.swift */,
			);
			path = Controller;
			sourceTree = "<group>";
		};
		7BC58CC02C98E7FD00BA4B69 /* Side Menu */ = {
			isa = PBXGroup;
			children = (
				7B655B032CCC4D310056A13C /* Places */,
				7B1EB9462CA35C7E005A83D0 /* Cells */,
				7BC58CC52C98E8F000BA4B69 /* SideMenuViewController.swift */,
				7BC58CCB2C9B897700BA4B69 /* SearchViewController.swift */,
				7BC58CCD2C9B8B1A00BA4B69 /* MapViewController.swift */,
				7B1EB9442CA357EE005A83D0 /* UserDetailsViewController.swift */,
				7B7D480D2CB35DED0098D2BD /* FriendsViewController.swift */,
			);
			path = "Side Menu";
			sourceTree = "<group>";
		};
/* End PBXGroup section */

/* Begin PBXNativeTarget section */
		7B272DA02C865EF2002DDD32 /* HavaBite */ = {
			isa = PBXNativeTarget;
			buildConfigurationList = 7B272DCB2C865EF3002DDD32 /* Build configuration list for PBXNativeTarget "HavaBite" */;
			buildPhases = (
				7B272D9D2C865EF2002DDD32 /* Sources */,
				7B272D9E2C865EF2002DDD32 /* Frameworks */,
				7B272D9F2C865EF2002DDD32 /* Resources */,
			);
			buildRules = (
			);
			dependencies = (
			);
			name = HavaBite;
			packageProductDependencies = (
				7BC58CB22C95E85100BA4B69 /* FirebaseAnalytics */,
				7BC58CB42C95E85100BA4B69 /* FirebaseAppDistribution-Beta */,
				7BC58CB62C95E85100BA4B69 /* FirebaseAuth */,
				7BC58CB82C95E85100BA4B69 /* FirebaseDatabase */,
				7BC58CBA2C95E85100BA4B69 /* FirebaseFirestore */,
			);
			productName = HavaBite;
			productReference = 7B272DA12C865EF2002DDD32 /* HavaBite.app */;
			productType = "com.apple.product-type.application";
		};
		7B272DB62C865EF3002DDD32 /* HavaBiteTests */ = {
			isa = PBXNativeTarget;
			buildConfigurationList = 7B272DCE2C865EF3002DDD32 /* Build configuration list for PBXNativeTarget "HavaBiteTests" */;
			buildPhases = (
				7B272DB32C865EF3002DDD32 /* Sources */,
				7B272DB42C865EF3002DDD32 /* Frameworks */,
				7B272DB52C865EF3002DDD32 /* Resources */,
			);
			buildRules = (
			);
			dependencies = (
				7B272DB92C865EF3002DDD32 /* PBXTargetDependency */,
			);
			name = HavaBiteTests;
			productName = HavaBiteTests;
			productReference = 7B272DB72C865EF3002DDD32 /* HavaBiteTests.xctest */;
			productType = "com.apple.product-type.bundle.unit-test";
		};
		7B272DC02C865EF3002DDD32 /* HavaBiteUITests */ = {
			isa = PBXNativeTarget;
			buildConfigurationList = 7B272DD12C865EF3002DDD32 /* Build configuration list for PBXNativeTarget "HavaBiteUITests" */;
			buildPhases = (
				7B272DBD2C865EF3002DDD32 /* Sources */,
				7B272DBE2C865EF3002DDD32 /* Frameworks */,
				7B272DBF2C865EF3002DDD32 /* Resources */,
			);
			buildRules = (
			);
			dependencies = (
				7B272DC32C865EF3002DDD32 /* PBXTargetDependency */,
			);
			name = HavaBiteUITests;
			productName = HavaBiteUITests;
			productReference = 7B272DC12C865EF3002DDD32 /* HavaBiteUITests.xctest */;
			productType = "com.apple.product-type.bundle.ui-testing";
		};
/* End PBXNativeTarget section */

/* Begin PBXProject section */
		7B272D992C865EF2002DDD32 /* Project object */ = {
			isa = PBXProject;
			attributes = {
				BuildIndependentTargetsInParallel = 1;
				LastSwiftUpdateCheck = 1530;
				LastUpgradeCheck = 1530;
				TargetAttributes = {
					7B272DA02C865EF2002DDD32 = {
						CreatedOnToolsVersion = 15.3;
					};
					7B272DB62C865EF3002DDD32 = {
						CreatedOnToolsVersion = 15.3;
						TestTargetID = 7B272DA02C865EF2002DDD32;
					};
					7B272DC02C865EF3002DDD32 = {
						CreatedOnToolsVersion = 15.3;
						TestTargetID = 7B272DA02C865EF2002DDD32;
					};
				};
			};
			buildConfigurationList = 7B272D9C2C865EF2002DDD32 /* Build configuration list for PBXProject "HavaBite" */;
			compatibilityVersion = "Xcode 14.0";
			developmentRegion = en;
			hasScannedForEncodings = 0;
			knownRegions = (
				en,
				Base,
			);
			mainGroup = 7B272D982C865EF2002DDD32;
			packageReferences = (
				7BC58CB12C95E6F400BA4B69 /* XCRemoteSwiftPackageReference "firebase-ios-sdk" */,
			);
			productRefGroup = 7B272DA22C865EF2002DDD32 /* Products */;
			projectDirPath = "";
			projectRoot = "";
			targets = (
				7B272DA02C865EF2002DDD32 /* HavaBite */,
				7B272DB62C865EF3002DDD32 /* HavaBiteTests */,
				7B272DC02C865EF3002DDD32 /* HavaBiteUITests */,
			);
		};
/* End PBXProject section */

/* Begin PBXResourcesBuildPhase section */
		7B272D9F2C865EF2002DDD32 /* Resources */ = {
			isa = PBXResourcesBuildPhase;
			buildActionMask = 2147483647;
			files = (
				7BC58CC22C98E82000BA4B69 /* SideMenuCell.xib in Resources */,
				7B655B092CCC5D280056A13C /* RestaurantTableCell.xib in Resources */,
				7B272DAE2C865EF3002DDD32 /* Assets.xcassets in Resources */,
				7B272DB12C865EF3002DDD32 /* Base in Resources */,
				7B7D480A2CB1D39F0098D2BD /* FriendCell.xib in Resources */,
				7B1EB9482CA35D77005A83D0 /* SearchCell.xib in Resources */,
				7B272DAC2C865EF2002DDD32 /* Base in Resources */,
				7BC58CB02C95E4C100BA4B69 /* GoogleService-Info.plist in Resources */,
			);
			runOnlyForDeploymentPostprocessing = 0;
		};
		7B272DB52C865EF3002DDD32 /* Resources */ = {
			isa = PBXResourcesBuildPhase;
			buildActionMask = 2147483647;
			files = (
			);
			runOnlyForDeploymentPostprocessing = 0;
		};
		7B272DBF2C865EF3002DDD32 /* Resources */ = {
			isa = PBXResourcesBuildPhase;
			buildActionMask = 2147483647;
			files = (
			);
			runOnlyForDeploymentPostprocessing = 0;
		};
/* End PBXResourcesBuildPhase section */

/* Begin PBXSourcesBuildPhase section */
		7B272D9D2C865EF2002DDD32 /* Sources */ = {
			isa = PBXSourcesBuildPhase;
			buildActionMask = 2147483647;
			files = (
				7B655AFF2CCC4C730056A13C /* CLLocationExtension.swift in Sources */,
				7B655B0F2CD2E5A90056A13C /* PlaceDetailsViewController.swift in Sources */,
				7BC58CC62C98E8F000BA4B69 /* SideMenuViewController.swift in Sources */,
				7BC58CCC2C9B897700BA4B69 /* SearchViewController.swift in Sources */,
				7B655B0D2CD1A75B0056A13C /* Place.swift in Sources */,
				7B272DA92C865EF2002DDD32 /* ViewController.swift in Sources */,
				7B7D480C2CB1D3E20098D2BD /* FriendCell.swift in Sources */,
				7B7D480E2CB35DED0098D2BD /* FriendsViewController.swift in Sources */,
				7B655B0B2CCC61AA0056A13C /* RestaurantTableCell.swift in Sources */,
				7B1EB94A2CA35D95005A83D0 /* SearchCell.swift in Sources */,
				7BC58CC42C98E85F00BA4B69 /* SideMenuCell.swift in Sources */,
				7BC58CBD2C95FF9600BA4B69 /* RegisterViewController.swift in Sources */,
				7B655B012CCC4D140056A13C /* PlacesTableViewController.swift in Sources */,
				7B7D48082CAE0BF90098D2BD /* UserSession.swift in Sources */,
				7BC58CC82C9A31F900BA4B69 /* SideMenuModel.swift in Sources */,
				7B655AFC2CCC4C220056A13C /* PlaceAnnotation.swift in Sources */,
				7BC58CBF2C9602B900BA4B69 /* User.swift in Sources */,
				7B655B112CD2F0DA0056A13C /* ReviewViewController.swift in Sources */,
				7B655B072CCC4FF10056A13C /* PlaceAnnotationView.swift in Sources */,
				7BC58CCE2C9B8B1A00BA4B69 /* MapViewController.swift in Sources */,
				7B1EB9452CA357EE005A83D0 /* UserDetailsViewController.swift in Sources */,
				7B655B132CE411A30056A13C /* Review.swift in Sources */,
				7B6AB0D72C925EE80023FE72 /* WelcomeViewController.swift in Sources */,
				7B272DA52C865EF2002DDD32 /* AppDelegate.swift in Sources */,
				7B272DA72C865EF2002DDD32 /* SceneDelegate.swift in Sources */,
				7BC58CCA2C9A344500BA4B69 /* MainViewController.swift in Sources */,
			);
			runOnlyForDeploymentPostprocessing = 0;
		};
		7B272DB32C865EF3002DDD32 /* Sources */ = {
			isa = PBXSourcesBuildPhase;
			buildActionMask = 2147483647;
			files = (
				7B272DBC2C865EF3002DDD32 /* HavaBiteTests.swift in Sources */,
			);
			runOnlyForDeploymentPostprocessing = 0;
		};
		7B272DBD2C865EF3002DDD32 /* Sources */ = {
			isa = PBXSourcesBuildPhase;
			buildActionMask = 2147483647;
			files = (
				7B272DC82C865EF3002DDD32 /* HavaBiteUITestsLaunchTests.swift in Sources */,
				7B272DC62C865EF3002DDD32 /* HavaBiteUITests.swift in Sources */,
			);
			runOnlyForDeploymentPostprocessing = 0;
		};
/* End PBXSourcesBuildPhase section */

/* Begin PBXTargetDependency section */
		7B272DB92C865EF3002DDD32 /* PBXTargetDependency */ = {
			isa = PBXTargetDependency;
			target = 7B272DA02C865EF2002DDD32 /* HavaBite */;
			targetProxy = 7B272DB82C865EF3002DDD32 /* PBXContainerItemProxy */;
		};
		7B272DC32C865EF3002DDD32 /* PBXTargetDependency */ = {
			isa = PBXTargetDependency;
			target = 7B272DA02C865EF2002DDD32 /* HavaBite */;
			targetProxy = 7B272DC22C865EF3002DDD32 /* PBXContainerItemProxy */;
		};
/* End PBXTargetDependency section */

/* Begin PBXVariantGroup section */
		7B272DAA2C865EF2002DDD32 /* Main.storyboard */ = {
			isa = PBXVariantGroup;
			children = (
				7B272DAB2C865EF2002DDD32 /* Base */,
			);
			name = Main.storyboard;
			sourceTree = "<group>";
		};
		7B272DAF2C865EF3002DDD32 /* LaunchScreen.storyboard */ = {
			isa = PBXVariantGroup;
			children = (
				7B272DB02C865EF3002DDD32 /* Base */,
			);
			name = LaunchScreen.storyboard;
			sourceTree = "<group>";
		};
/* End PBXVariantGroup section */

/* Begin XCBuildConfiguration section */
		7B272DC92C865EF3002DDD32 /* Debug */ = {
			isa = XCBuildConfiguration;
			buildSettings = {
				ALWAYS_SEARCH_USER_PATHS = NO;
				ASSETCATALOG_COMPILER_GENERATE_SWIFT_ASSET_SYMBOL_EXTENSIONS = YES;
				CLANG_ANALYZER_NONNULL = YES;
				CLANG_ANALYZER_NUMBER_OBJECT_CONVERSION = YES_AGGRESSIVE;
				CLANG_CXX_LANGUAGE_STANDARD = "gnu++20";
				CLANG_ENABLE_MODULES = YES;
				CLANG_ENABLE_OBJC_ARC = YES;
				CLANG_ENABLE_OBJC_WEAK = YES;
				CLANG_WARN_BLOCK_CAPTURE_AUTORELEASING = YES;
				CLANG_WARN_BOOL_CONVERSION = YES;
				CLANG_WARN_COMMA = YES;
				CLANG_WARN_CONSTANT_CONVERSION = YES;
				CLANG_WARN_DEPRECATED_OBJC_IMPLEMENTATIONS = YES;
				CLANG_WARN_DIRECT_OBJC_ISA_USAGE = YES_ERROR;
				CLANG_WARN_DOCUMENTATION_COMMENTS = YES;
				CLANG_WARN_EMPTY_BODY = YES;
				CLANG_WARN_ENUM_CONVERSION = YES;
				CLANG_WARN_INFINITE_RECURSION = YES;
				CLANG_WARN_INT_CONVERSION = YES;
				CLANG_WARN_NON_LITERAL_NULL_CONVERSION = YES;
				CLANG_WARN_OBJC_IMPLICIT_RETAIN_SELF = YES;
				CLANG_WARN_OBJC_LITERAL_CONVERSION = YES;
				CLANG_WARN_OBJC_ROOT_CLASS = YES_ERROR;
				CLANG_WARN_QUOTED_INCLUDE_IN_FRAMEWORK_HEADER = YES;
				CLANG_WARN_RANGE_LOOP_ANALYSIS = YES;
				CLANG_WARN_STRICT_PROTOTYPES = YES;
				CLANG_WARN_SUSPICIOUS_MOVE = YES;
				CLANG_WARN_UNGUARDED_AVAILABILITY = YES_AGGRESSIVE;
				CLANG_WARN_UNREACHABLE_CODE = YES;
				CLANG_WARN__DUPLICATE_METHOD_MATCH = YES;
				COPY_PHASE_STRIP = NO;
				DEBUG_INFORMATION_FORMAT = dwarf;
				ENABLE_STRICT_OBJC_MSGSEND = YES;
				ENABLE_TESTABILITY = YES;
				ENABLE_USER_SCRIPT_SANDBOXING = YES;
				GCC_C_LANGUAGE_STANDARD = gnu17;
				GCC_DYNAMIC_NO_PIC = NO;
				GCC_NO_COMMON_BLOCKS = YES;
				GCC_OPTIMIZATION_LEVEL = 0;
				GCC_PREPROCESSOR_DEFINITIONS = (
					"DEBUG=1",
					"$(inherited)",
				);
				GCC_WARN_64_TO_32_BIT_CONVERSION = YES;
				GCC_WARN_ABOUT_RETURN_TYPE = YES_ERROR;
				GCC_WARN_UNDECLARED_SELECTOR = YES;
				GCC_WARN_UNINITIALIZED_AUTOS = YES_AGGRESSIVE;
				GCC_WARN_UNUSED_FUNCTION = YES;
				GCC_WARN_UNUSED_VARIABLE = YES;
				IPHONEOS_DEPLOYMENT_TARGET = 17.4;
				LOCALIZATION_PREFERS_STRING_CATALOGS = YES;
				MTL_ENABLE_DEBUG_INFO = INCLUDE_SOURCE;
				MTL_FAST_MATH = YES;
				ONLY_ACTIVE_ARCH = YES;
				SDKROOT = iphoneos;
				SWIFT_ACTIVE_COMPILATION_CONDITIONS = "DEBUG $(inherited)";
				SWIFT_OPTIMIZATION_LEVEL = "-Onone";
			};
			name = Debug;
		};
		7B272DCA2C865EF3002DDD32 /* Release */ = {
			isa = XCBuildConfiguration;
			buildSettings = {
				ALWAYS_SEARCH_USER_PATHS = NO;
				ASSETCATALOG_COMPILER_GENERATE_SWIFT_ASSET_SYMBOL_EXTENSIONS = YES;
				CLANG_ANALYZER_NONNULL = YES;
				CLANG_ANALYZER_NUMBER_OBJECT_CONVERSION = YES_AGGRESSIVE;
				CLANG_CXX_LANGUAGE_STANDARD = "gnu++20";
				CLANG_ENABLE_MODULES = YES;
				CLANG_ENABLE_OBJC_ARC = YES;
				CLANG_ENABLE_OBJC_WEAK = YES;
				CLANG_WARN_BLOCK_CAPTURE_AUTORELEASING = YES;
				CLANG_WARN_BOOL_CONVERSION = YES;
				CLANG_WARN_COMMA = YES;
				CLANG_WARN_CONSTANT_CONVERSION = YES;
				CLANG_WARN_DEPRECATED_OBJC_IMPLEMENTATIONS = YES;
				CLANG_WARN_DIRECT_OBJC_ISA_USAGE = YES_ERROR;
				CLANG_WARN_DOCUMENTATION_COMMENTS = YES;
				CLANG_WARN_EMPTY_BODY = YES;
				CLANG_WARN_ENUM_CONVERSION = YES;
				CLANG_WARN_INFINITE_RECURSION = YES;
				CLANG_WARN_INT_CONVERSION = YES;
				CLANG_WARN_NON_LITERAL_NULL_CONVERSION = YES;
				CLANG_WARN_OBJC_IMPLICIT_RETAIN_SELF = YES;
				CLANG_WARN_OBJC_LITERAL_CONVERSION = YES;
				CLANG_WARN_OBJC_ROOT_CLASS = YES_ERROR;
				CLANG_WARN_QUOTED_INCLUDE_IN_FRAMEWORK_HEADER = YES;
				CLANG_WARN_RANGE_LOOP_ANALYSIS = YES;
				CLANG_WARN_STRICT_PROTOTYPES = YES;
				CLANG_WARN_SUSPICIOUS_MOVE = YES;
				CLANG_WARN_UNGUARDED_AVAILABILITY = YES_AGGRESSIVE;
				CLANG_WARN_UNREACHABLE_CODE = YES;
				CLANG_WARN__DUPLICATE_METHOD_MATCH = YES;
				COPY_PHASE_STRIP = NO;
				DEBUG_INFORMATION_FORMAT = "dwarf-with-dsym";
				ENABLE_NS_ASSERTIONS = NO;
				ENABLE_STRICT_OBJC_MSGSEND = YES;
				ENABLE_USER_SCRIPT_SANDBOXING = YES;
				GCC_C_LANGUAGE_STANDARD = gnu17;
				GCC_NO_COMMON_BLOCKS = YES;
				GCC_WARN_64_TO_32_BIT_CONVERSION = YES;
				GCC_WARN_ABOUT_RETURN_TYPE = YES_ERROR;
				GCC_WARN_UNDECLARED_SELECTOR = YES;
				GCC_WARN_UNINITIALIZED_AUTOS = YES_AGGRESSIVE;
				GCC_WARN_UNUSED_FUNCTION = YES;
				GCC_WARN_UNUSED_VARIABLE = YES;
				IPHONEOS_DEPLOYMENT_TARGET = 17.4;
				LOCALIZATION_PREFERS_STRING_CATALOGS = YES;
				MTL_ENABLE_DEBUG_INFO = NO;
				MTL_FAST_MATH = YES;
				SDKROOT = iphoneos;
				SWIFT_COMPILATION_MODE = wholemodule;
				VALIDATE_PRODUCT = YES;
			};
			name = Release;
		};
		7B272DCC2C865EF3002DDD32 /* Debug */ = {
			isa = XCBuildConfiguration;
			buildSettings = {
				ASSETCATALOG_COMPILER_APPICON_NAME = AppIcon;
				ASSETCATALOG_COMPILER_GLOBAL_ACCENT_COLOR_NAME = AccentColor;
				CODE_SIGN_IDENTITY = "Apple Development";
				CODE_SIGN_STYLE = Automatic;
				CURRENT_PROJECT_VERSION = 1;
				DEVELOPMENT_TEAM = 9US789XHWW;
				GENERATE_INFOPLIST_FILE = YES;
				INFOPLIST_FILE = HavaBite/Info.plist;
				INFOPLIST_KEY_NSLocationWhenInUseUsageDescription = "HavaBite requires location so it can find nearby restaurants";
				INFOPLIST_KEY_UIApplicationSupportsIndirectInputEvents = YES;
				INFOPLIST_KEY_UILaunchStoryboardName = LaunchScreen;
				INFOPLIST_KEY_UIMainStoryboardFile = Main;
				INFOPLIST_KEY_UISupportedInterfaceOrientations = UIInterfaceOrientationPortrait;
				INFOPLIST_KEY_UIUserInterfaceStyle = Light;
				LD_RUNPATH_SEARCH_PATHS = (
					"$(inherited)",
					"@executable_path/Frameworks",
				);
				MARKETING_VERSION = 1.0;
				PRODUCT_BUNDLE_IDENTIFIER = com.dante.HavaBite;
				PRODUCT_NAME = "$(TARGET_NAME)";
				PROVISIONING_PROFILE_SPECIFIER = "";
				SWIFT_EMIT_LOC_STRINGS = YES;
				SWIFT_VERSION = 5.0;
				TARGETED_DEVICE_FAMILY = "1,2";
			};
			name = Debug;
		};
		7B272DCD2C865EF3002DDD32 /* Release */ = {
			isa = XCBuildConfiguration;
			buildSettings = {
				ASSETCATALOG_COMPILER_APPICON_NAME = AppIcon;
				ASSETCATALOG_COMPILER_GLOBAL_ACCENT_COLOR_NAME = AccentColor;
				CODE_SIGN_IDENTITY = "Apple Development";
				CODE_SIGN_STYLE = Automatic;
				CURRENT_PROJECT_VERSION = 1;
				DEVELOPMENT_TEAM = 9US789XHWW;
				GENERATE_INFOPLIST_FILE = YES;
				INFOPLIST_FILE = HavaBite/Info.plist;
				INFOPLIST_KEY_NSLocationWhenInUseUsageDescription = "HavaBite requires location so it can find nearby restaurants";
				INFOPLIST_KEY_UIApplicationSupportsIndirectInputEvents = YES;
				INFOPLIST_KEY_UILaunchStoryboardName = LaunchScreen;
				INFOPLIST_KEY_UIMainStoryboardFile = Main;
				INFOPLIST_KEY_UISupportedInterfaceOrientations = UIInterfaceOrientationPortrait;
				INFOPLIST_KEY_UIUserInterfaceStyle = Light;
				LD_RUNPATH_SEARCH_PATHS = (
					"$(inherited)",
					"@executable_path/Frameworks",
				);
				MARKETING_VERSION = 1.0;
				PRODUCT_BUNDLE_IDENTIFIER = com.dante.HavaBite;
				PRODUCT_NAME = "$(TARGET_NAME)";
				PROVISIONING_PROFILE_SPECIFIER = "";
				SWIFT_EMIT_LOC_STRINGS = YES;
				SWIFT_VERSION = 5.0;
				TARGETED_DEVICE_FAMILY = "1,2";
			};
			name = Release;
		};
		7B272DCF2C865EF3002DDD32 /* Debug */ = {
			isa = XCBuildConfiguration;
			buildSettings = {
				ALWAYS_EMBED_SWIFT_STANDARD_LIBRARIES = YES;
				BUNDLE_LOADER = "$(TEST_HOST)";
				CODE_SIGN_STYLE = Automatic;
				CURRENT_PROJECT_VERSION = 1;
				DEVELOPMENT_TEAM = 9US789XHWW;
				GENERATE_INFOPLIST_FILE = YES;
				IPHONEOS_DEPLOYMENT_TARGET = 17.4;
				MARKETING_VERSION = 1.0;
				PRODUCT_BUNDLE_IDENTIFIER = com.dante.HavaBiteTests;
				PRODUCT_NAME = "$(TARGET_NAME)";
				SWIFT_EMIT_LOC_STRINGS = NO;
				SWIFT_VERSION = 5.0;
				TARGETED_DEVICE_FAMILY = "1,2";
				TEST_HOST = "$(BUILT_PRODUCTS_DIR)/HavaBite.app/$(BUNDLE_EXECUTABLE_FOLDER_PATH)/HavaBite";
			};
			name = Debug;
		};
		7B272DD02C865EF3002DDD32 /* Release */ = {
			isa = XCBuildConfiguration;
			buildSettings = {
				ALWAYS_EMBED_SWIFT_STANDARD_LIBRARIES = YES;
				BUNDLE_LOADER = "$(TEST_HOST)";
				CODE_SIGN_STYLE = Automatic;
				CURRENT_PROJECT_VERSION = 1;
				DEVELOPMENT_TEAM = 9US789XHWW;
				GENERATE_INFOPLIST_FILE = YES;
				IPHONEOS_DEPLOYMENT_TARGET = 17.4;
				MARKETING_VERSION = 1.0;
				PRODUCT_BUNDLE_IDENTIFIER = com.dante.HavaBiteTests;
				PRODUCT_NAME = "$(TARGET_NAME)";
				SWIFT_EMIT_LOC_STRINGS = NO;
				SWIFT_VERSION = 5.0;
				TARGETED_DEVICE_FAMILY = "1,2";
				TEST_HOST = "$(BUILT_PRODUCTS_DIR)/HavaBite.app/$(BUNDLE_EXECUTABLE_FOLDER_PATH)/HavaBite";
			};
			name = Release;
		};
		7B272DD22C865EF3002DDD32 /* Debug */ = {
			isa = XCBuildConfiguration;
			buildSettings = {
				ALWAYS_EMBED_SWIFT_STANDARD_LIBRARIES = YES;
				CODE_SIGN_STYLE = Automatic;
				CURRENT_PROJECT_VERSION = 1;
				DEVELOPMENT_TEAM = 9US789XHWW;
				GENERATE_INFOPLIST_FILE = YES;
				MARKETING_VERSION = 1.0;
				PRODUCT_BUNDLE_IDENTIFIER = com.dante.HavaBiteUITests;
				PRODUCT_NAME = "$(TARGET_NAME)";
				SWIFT_EMIT_LOC_STRINGS = NO;
				SWIFT_VERSION = 5.0;
				TARGETED_DEVICE_FAMILY = "1,2";
				TEST_TARGET_NAME = HavaBite;
			};
			name = Debug;
		};
		7B272DD32C865EF3002DDD32 /* Release */ = {
			isa = XCBuildConfiguration;
			buildSettings = {
				ALWAYS_EMBED_SWIFT_STANDARD_LIBRARIES = YES;
				CODE_SIGN_STYLE = Automatic;
				CURRENT_PROJECT_VERSION = 1;
				DEVELOPMENT_TEAM = 9US789XHWW;
				GENERATE_INFOPLIST_FILE = YES;
				MARKETING_VERSION = 1.0;
				PRODUCT_BUNDLE_IDENTIFIER = com.dante.HavaBiteUITests;
				PRODUCT_NAME = "$(TARGET_NAME)";
				SWIFT_EMIT_LOC_STRINGS = NO;
				SWIFT_VERSION = 5.0;
				TARGETED_DEVICE_FAMILY = "1,2";
				TEST_TARGET_NAME = HavaBite;
			};
			name = Release;
		};
/* End XCBuildConfiguration section */

/* Begin XCConfigurationList section */
		7B272D9C2C865EF2002DDD32 /* Build configuration list for PBXProject "HavaBite" */ = {
			isa = XCConfigurationList;
			buildConfigurations = (
				7B272DC92C865EF3002DDD32 /* Debug */,
				7B272DCA2C865EF3002DDD32 /* Release */,
			);
			defaultConfigurationIsVisible = 0;
			defaultConfigurationName = Release;
		};
		7B272DCB2C865EF3002DDD32 /* Build configuration list for PBXNativeTarget "HavaBite" */ = {
			isa = XCConfigurationList;
			buildConfigurations = (
				7B272DCC2C865EF3002DDD32 /* Debug */,
				7B272DCD2C865EF3002DDD32 /* Release */,
			);
			defaultConfigurationIsVisible = 0;
			defaultConfigurationName = Release;
		};
		7B272DCE2C865EF3002DDD32 /* Build configuration list for PBXNativeTarget "HavaBiteTests" */ = {
			isa = XCConfigurationList;
			buildConfigurations = (
				7B272DCF2C865EF3002DDD32 /* Debug */,
				7B272DD02C865EF3002DDD32 /* Release */,
			);
			defaultConfigurationIsVisible = 0;
			defaultConfigurationName = Release;
		};
		7B272DD12C865EF3002DDD32 /* Build configuration list for PBXNativeTarget "HavaBiteUITests" */ = {
			isa = XCConfigurationList;
			buildConfigurations = (
				7B272DD22C865EF3002DDD32 /* Debug */,
				7B272DD32C865EF3002DDD32 /* Release */,
			);
			defaultConfigurationIsVisible = 0;
			defaultConfigurationName = Release;
		};
/* End XCConfigurationList section */

/* Begin XCRemoteSwiftPackageReference section */
		7BC58CB12C95E6F400BA4B69 /* XCRemoteSwiftPackageReference "firebase-ios-sdk" */ = {
			isa = XCRemoteSwiftPackageReference;
			repositoryURL = "https://github.com/firebase/firebase-ios-sdk";
			requirement = {
				kind = upToNextMajorVersion;
				minimumVersion = 11.2.0;
			};
		};
/* End XCRemoteSwiftPackageReference section */

/* Begin XCSwiftPackageProductDependency section */
		7BC58CB22C95E85100BA4B69 /* FirebaseAnalytics */ = {
			isa = XCSwiftPackageProductDependency;
			package = 7BC58CB12C95E6F400BA4B69 /* XCRemoteSwiftPackageReference "firebase-ios-sdk" */;
			productName = FirebaseAnalytics;
		};
		7BC58CB42C95E85100BA4B69 /* FirebaseAppDistribution-Beta */ = {
			isa = XCSwiftPackageProductDependency;
			package = 7BC58CB12C95E6F400BA4B69 /* XCRemoteSwiftPackageReference "firebase-ios-sdk" */;
			productName = "FirebaseAppDistribution-Beta";
		};
		7BC58CB62C95E85100BA4B69 /* FirebaseAuth */ = {
			isa = XCSwiftPackageProductDependency;
			package = 7BC58CB12C95E6F400BA4B69 /* XCRemoteSwiftPackageReference "firebase-ios-sdk" */;
			productName = FirebaseAuth;
		};
		7BC58CB82C95E85100BA4B69 /* FirebaseDatabase */ = {
			isa = XCSwiftPackageProductDependency;
			package = 7BC58CB12C95E6F400BA4B69 /* XCRemoteSwiftPackageReference "firebase-ios-sdk" */;
			productName = FirebaseDatabase;
		};
		7BC58CBA2C95E85100BA4B69 /* FirebaseFirestore */ = {
			isa = XCSwiftPackageProductDependency;
			package = 7BC58CB12C95E6F400BA4B69 /* XCRemoteSwiftPackageReference "firebase-ios-sdk" */;
			productName = FirebaseFirestore;
		};
/* End XCSwiftPackageProductDependency section */
	};
	rootObject = 7B272D992C865EF2002DDD32 /* Project object */;
}
